{
  "lockfileVersion": 1,
  "configVersion": 1,
  "workspaces": {
    "": {
      "name": "aether-repo",
    },
    "examples/counter": {
      "name": "counter-example",
      "dependencies": {
        "@hamicek/aether": "workspace:*",
      },
    },
    "examples/dynamic-topology": {
      "name": "dynamic-topology-example",
      "dependencies": {
        "@hamicek/aether": "workspace:*",
      },
    },
    "examples/eventbus": {
      "name": "eventbus-example",
      "dependencies": {
        "@hamicek/aether": "workspace:*",
      },
    },
    "examples/eventsourced": {
      "name": "eventsourced-example",
      "dependencies": {
        "@hamicek/aether": "workspace:*",
      },
    },
    "examples/fsm": {
      "name": "fsm-example",
      "dependencies": {
        "@hamicek/aether": "workspace:*",
      },
    },
    "examples/live-dashboard": {
      "name": "live-dashboard-example",
      "dependencies": {
        "@hamicek/aether": "workspace:*",
      },
    },
    "examples/payload-contract": {
      "name": "payload-contract-example",
      "dependencies": {
        "@hamicek/aether": "workspace:*",
      },
    },
    "examples/scada-spike": {
      "name": "scada-spike-example",
      "dependencies": {
        "@hamicek/aether": "workspace:*",
      },
    },
    "examples/tracing": {
      "name": "tracing-example",
      "dependencies": {
        "@hamicek/aether": "workspace:*",
      },
    },
    "examples/webserver-custom": {
      "name": "webserver-custom-example",
      "dependencies": {
        "@hamicek/aether": "workspace:*",
      },
    },
    "sdk/ts": {
      "name": "@hamicek/aether",
      "version": "0.0.0",
      "dependencies": {
        "ajv": "^8.20.0",
        "ajv-formats": "^3.0.1",
        "nats": "^2.28.0",
      },
      "devDependencies": {
        "bun-types": "^1.3.14",
        "typescript": "^5.6.0",
      },
    },
  },
  "packages": {
    "@hamicek/aether": ["@hamicek/aether@workspace:sdk/ts"],

    "@types/node": ["@types/node@26.2.0", "", { "dependencies": { "undici-types": "~8.3.0" } }, "sha512-5IviulTZeRNp2vAJ514cc/HUlY5nZ9fCbq9DMyC52BrhFZACo3nI0R7qBxhQmo/d27NFe96ur/b7Wwxklda+kg=="],

    "ajv": ["ajv@8.20.0", "", { "dependencies": { "fast-deep-equal": "^3.1.3", "fast-uri": "^3.0.1", "json-schema-traverse": "^1.0.0", "require-from-string": "^2.0.2" } }, "sha512-Thbli+OlOj+iMPYFBVBfJ3OmCAnaSyNn4M1vz9T6Gka5Jt9ba/HIR56joy65tY6kx/FCF5VXNB819Y7/GUrBGA=="],

    "ajv-formats": ["ajv-formats@3.0.1", "", { "dependencies": { "ajv": "^8.0.0" } }, "sha512-8iUql50EUR+uUcdRQ3HDqa6EVyo3docL8g5WJ3FNcWmu62IbkGUue/pEyLBW8VGKKucTPgqeks4fIU1DA4yowQ=="],

    "bun-types": ["bun-types@1.3.14", "", { "dependencies": { "@types/node": "*" } }, "sha512-4N0ig0fEomHt5R0KCFWjovxow98rIoRwKolrYdCcknNwMekCXRnWEUvgu5soYV8QXtVsrUD8B95MBOZGPvr6KQ=="],

    "counter-example": ["counter-example@workspace:examples/counter"],

    "dynamic-topology-example": ["dynamic-topology-example@workspace:examples/dynamic-topology"],

    "eventbus-example": ["eventbus-example@workspace:examples/eventbus"],

    "eventsourced-example": ["eventsourced-example@workspace:examples/eventsourced"],

    "fast-deep-equal": ["fast-deep-equal@3.1.3", "", {}, "sha512-f3qQ9oQy9j2AhBe/H9VC91wLmKBCCU/gDOnKNAYG5hswO7BLKj09Hc5HYNz9cGI++xlpDCIgDaitVs03ATR84Q=="],

    "fast-uri": ["fast-uri@3.1.5", "", {}, "sha512-gHwA1O9LDIcKunMKhObS/HimwtehO1nPUECKAu5TpKgaO19fcWEl4bliWe1jWxVFvIXztJjjQ4L8XQ1EU9f7Jw=="],

    "fsm-example": ["fsm-example@workspace:examples/fsm"],

    "json-schema-traverse": ["json-schema-traverse@1.0.0", "", {}, "sha512-NM8/P9n3XjXhIZn1lLhkFaACTOURQXjWhV4BA/RnOv8xvgqtqpAX9IO4mRQxSx1Rlo4tqzeqb0sOlruaOy3dug=="],

    "live-dashboard-example": ["live-dashboard-example@workspace:examples/live-dashboard"],

    "nats": ["nats@2.29.3", "", { "dependencies": { "nkeys.js": "1.1.0" } }, "sha512-tOQCRCwC74DgBTk4pWZ9V45sk4d7peoE2njVprMRCBXrhJ5q5cYM7i6W+Uvw2qUrcfOSnuisrX7bEx3b3Wx4QA=="],

    "nkeys.js": ["nkeys.js@1.1.0", "", { "dependencies": { "tweetnacl": "1.0.3" } }, "sha512-tB/a0shZL5UZWSwsoeyqfTszONTt4k2YS0tuQioMOD180+MbombYVgzDUYHlx+gejYK6rgf08n/2Df99WY0Sxg=="],

    "payload-contract-example": ["payload-contract-example@workspace:examples/payload-contract"],

    "require-from-string": ["require-from-string@2.0.2", "", {}, "sha512-Xf0nWe6RseziFMu+Ap9biiUbmplq6S9/p+7w7YXP/JBHhrUDDUhwa+vANyubuqfZWTveU//DYVGsDG7RKL/vEw=="],

    "scada-spike-example": ["scada-spike-example@workspace:examples/scada-spike"],

    "tracing-example": ["tracing-example@workspace:examples/tracing"],

    "tweetnacl": ["tweetnacl@1.0.3", "", {}, "sha512-6rt+RN7aOi1nGMyC4Xa5DdYiukl2UWCbcJft7YhxReBGQD7OAM8Pbxw6YMo4r2diNEA8FEmu32YOn9rhaiE5yw=="],

    "typescript": ["typescript@5.9.3", "", { "bin": { "tsc": "bin/tsc", "tsserver": "bin/tsserver" } }, "sha512-jl1vZzPDinLr9eUt3J/t7V6FgNEw9QjvBPdysz9KfQDD41fQrC2Y4vKQdiaUpFT4bXlb1RHhLpp8wtm6M5TgSw=="],

    "undici-types": ["undici-types@8.3.0", "", {}, "sha512-j375ScV60dom+YkPFIfTLcOiPxkN/buHz5GobjLhixFuANaNs3C9l4GmrWqejgXWJ7BbJcFYpTEUkS1Ge8bpZQ=="],

    "webserver-custom-example": ["webserver-custom-example@workspace:examples/webserver-custom"],
  }
}
