{
  "lockfileVersion": 1,
  "configVersion": 1,
  "workspaces": {
    "": {
      "name": "aether-repo",
    },
    "examples/counter": {
      "name": "counter-example",
      "dependencies": {
        "@hamicek/aether": "workspace:*",
      },
    },
    "examples/fsm": {
      "name": "fsm-example",
      "dependencies": {
        "@hamicek/aether": "workspace:*",
      },
    },
    "examples/scada-spike": {
      "name": "scada-spike-example",
      "dependencies": {
        "@hamicek/aether": "workspace:*",
      },
    },
    "examples/tracing": {
      "name": "tracing-example",
      "dependencies": {
        "@hamicek/aether": "workspace:*",
      },
    },
    "sdk/ts": {
      "name": "@hamicek/aether",
      "version": "0.0.0",
      "dependencies": {
        "nats": "^2.28.0",
      },
      "devDependencies": {
        "typescript": "^5.6.0",
      },
    },
  },
  "packages": {
    "@hamicek/aether": ["@hamicek/aether@workspace:sdk/ts"],

    "counter-example": ["counter-example@workspace:examples/counter"],

    "fsm-example": ["fsm-example@workspace:examples/fsm"],

    "nats": ["nats@2.29.3", "", { "dependencies": { "nkeys.js": "1.1.0" } }, "sha512-tOQCRCwC74DgBTk4pWZ9V45sk4d7peoE2njVprMRCBXrhJ5q5cYM7i6W+Uvw2qUrcfOSnuisrX7bEx3b3Wx4QA=="],

    "nkeys.js": ["nkeys.js@1.1.0", "", { "dependencies": { "tweetnacl": "1.0.3" } }, "sha512-tB/a0shZL5UZWSwsoeyqfTszONTt4k2YS0tuQioMOD180+MbombYVgzDUYHlx+gejYK6rgf08n/2Df99WY0Sxg=="],

    "scada-spike-example": ["scada-spike-example@workspace:examples/scada-spike"],

    "tracing-example": ["tracing-example@workspace:examples/tracing"],

    "tweetnacl": ["tweetnacl@1.0.3", "", {}, "sha512-6rt+RN7aOi1nGMyC4Xa5DdYiukl2UWCbcJft7YhxReBGQD7OAM8Pbxw6YMo4r2diNEA8FEmu32YOn9rhaiE5yw=="],

    "typescript": ["typescript@5.9.3", "", { "bin": { "tsc": "bin/tsc", "tsserver": "bin/tsserver" } }, "sha512-jl1vZzPDinLr9eUt3J/t7V6FgNEw9QjvBPdysz9KfQDD41fQrC2Y4vKQdiaUpFT4bXlb1RHhLpp8wtm6M5TgSw=="],
  }
}
