{
  "lockfileVersion": 1,
  "configVersion": 1,
  "workspaces": {
    "": {
      "name": "aether-repo",
    },
    "examples/counter": {
      "name": "counter-example",
      "dependencies": {
        "@hamicek/aether": "workspace:*",
      },
    },
    "examples/dynamic-topology": {
      "name": "dynamic-topology-example",
      "dependencies": {
        "@hamicek/aether": "workspace:*",
      },
    },
    "examples/eventbus": {
      "name": "eventbus-example",
      "dependencies": {
        "@hamicek/aether": "workspace:*",
      },
    },
    "examples/eventsourced": {
      "name": "eventsourced-example",
      "dependencies": {
        "@hamicek/aether": "workspace:*",
      },
    },
    "examples/fsm": {
      "name": "fsm-example",
      "dependencies": {
        "@hamicek/aether": "workspace:*",
      },
    },
    "examples/live-dashboard": {
      "name": "live-dashboard-example",
      "dependencies": {
        "@hamicek/aether": "workspace:*",
      },
    },
    "examples/scada-spike": {
      "name": "scada-spike-example",
      "dependencies": {
        "@hamicek/aether": "workspace:*",
      },
    },
    "examples/tracing": {
      "name": "tracing-example",
      "dependencies": {
        "@hamicek/aether": "workspace:*",
      },
    },
    "examples/webserver-custom": {
      "name": "webserver-custom-example",
      "dependencies": {
        "@hamicek/aether": "workspace:*",
      },
    },
    "sdk/ts": {
      "name": "@hamicek/aether",
      "version": "0.0.0",
      "dependencies": {
        "nats": "^2.28.0",
      },
      "devDependencies": {
        "bun-types": "^1.3.14",
        "typescript": "^5.6.0",
      },
    },
  },
  "packages": {
    "@hamicek/aether": ["@hamicek/aether@workspace:sdk/ts"],

    "@types/node": ["@types/node@26.2.0", "", { "dependencies": { "undici-types": "~8.3.0" } }, "sha512-5IviulTZeRNp2vAJ514cc/HUlY5nZ9fCbq9DMyC52BrhFZACo3nI0R7qBxhQmo/d27NFe96ur/b7Wwxklda+kg=="],

    "bun-types": ["bun-types@1.3.14", "", { "dependencies": { "@types/node": "*" } }, "sha512-4N0ig0fEomHt5R0KCFWjovxow98rIoRwKolrYdCcknNwMekCXRnWEUvgu5soYV8QXtVsrUD8B95MBOZGPvr6KQ=="],

    "counter-example": ["counter-example@workspace:examples/counter"],

    "dynamic-topology-example": ["dynamic-topology-example@workspace:examples/dynamic-topology"],

    "eventbus-example": ["eventbus-example@workspace:examples/eventbus"],

    "eventsourced-example": ["eventsourced-example@workspace:examples/eventsourced"],

    "fsm-example": ["fsm-example@workspace:examples/fsm"],

    "live-dashboard-example": ["live-dashboard-example@workspace:examples/live-dashboard"],

    "nats": ["nats@2.29.3", "", { "dependencies": { "nkeys.js": "1.1.0" } }, "sha512-tOQCRCwC74DgBTk4pWZ9V45sk4d7peoE2njVprMRCBXrhJ5q5cYM7i6W+Uvw2qUrcfOSnuisrX7bEx3b3Wx4QA=="],

    "nkeys.js": ["nkeys.js@1.1.0", "", { "dependencies": { "tweetnacl": "1.0.3" } }, "sha512-tB/a0shZL5UZWSwsoeyqfTszONTt4k2YS0tuQioMOD180+MbombYVgzDUYHlx+gejYK6rgf08n/2Df99WY0Sxg=="],

    "scada-spike-example": ["scada-spike-example@workspace:examples/scada-spike"],

    "tracing-example": ["tracing-example@workspace:examples/tracing"],

    "tweetnacl": ["tweetnacl@1.0.3", "", {}, "sha512-6rt+RN7aOi1nGMyC4Xa5DdYiukl2UWCbcJft7YhxReBGQD7OAM8Pbxw6YMo4r2diNEA8FEmu32YOn9rhaiE5yw=="],

    "typescript": ["typescript@5.9.3", "", { "bin": { "tsc": "bin/tsc", "tsserver": "bin/tsserver" } }, "sha512-jl1vZzPDinLr9eUt3J/t7V6FgNEw9QjvBPdysz9KfQDD41fQrC2Y4vKQdiaUpFT4bXlb1RHhLpp8wtm6M5TgSw=="],

    "undici-types": ["undici-types@8.3.0", "", {}, "sha512-j375ScV60dom+YkPFIfTLcOiPxkN/buHz5GobjLhixFuANaNs3C9l4GmrWqejgXWJ7BbJcFYpTEUkS1Ge8bpZQ=="],

    "webserver-custom-example": ["webserver-custom-example@workspace:examples/webserver-custom"],
  }
}
